
Microsoft Visual Studio Solution File, Format Version 12.00
# Visual Studio Version 17
VisualStudioVersion = 17.0.31903.59
MinimumVisualStudioVersion = 10.0.40219.1
Project("{2150E333-8FDC-42A3-9474-1A3956D46DE8}") = "Presentation", "Presentation", "{B736B21F-9A7D-413A-8783-222771648726}"
EndProject
Project("{FAE04EC0-301F-11D3-BF4B-00C04F79EFBC}") = "NBCEpagBret.Manager", "Presentation\NBCEpagBret.Manager\NBCEpagBret.Manager.csproj", "{042CBBF6-37F3-4087-BFCE-763672644105}"
EndProject
Project("{FAE04EC0-301F-11D3-BF4B-00C04F79EFBC}") = "NBCEpagBret.Website", "Presentation\NBCEpagBret.Website\NBCEpagBret.Website.csproj", "{EF02935A-3AFD-4C70-BA6E-01D28A259E19}"
EndProject
Project("{2150E333-8FDC-42A3-9474-1A3956D46DE8}") = "Core", "Core", "{D91CD64B-554B-47E3-9734-8D1007F27387}"
EndProject
Project("{FAE04EC0-301F-11D3-BF4B-00C04F79EFBC}") = "NBCEpagBret.Domain", "Core\NBCEpagBret.Domain\NBCEpagBret.Domain.csproj", "{89CB510A-E7E0-441B-A0A1-DFE2355D7BDB}"
EndProject
Project("{2150E333-8FDC-42A3-9474-1A3956D46DE8}") = "Infrastructure", "Infrastructure", "{8FF4B059-5A1E-43C5-B568-C9B572AD69C9}"
EndProject
Project("{FAE04EC0-301F-11D3-BF4B-00C04F79EFBC}") = "NBCEpagBret.Tools", "Infrastructure\NBCEpagBret.Tools\NBCEpagBret.Tools.csproj", "{705E9FCF-CB46-4BD0-BB90-E520986D6B84}"
EndProject
Project("{FAE04EC0-301F-11D3-BF4B-00C04F79EFBC}") = "NBCEpagBret.DataAccess", "Core\NBCEpagBret.DataAccess\NBCEpagBret.DataAccess.csproj", "{8213D4F5-FC08-4668-B842-3F12CC28B626}"
EndProject
Global
	GlobalSection(SolutionConfigurationPlatforms) = preSolution
		Debug|Any CPU = Debug|Any CPU
		Release|Any CPU = Release|Any CPU
	EndGlobalSection
	GlobalSection(SolutionProperties) = preSolution
		HideSolutionNode = FALSE
	EndGlobalSection
	GlobalSection(ProjectConfigurationPlatforms) = postSolution
		{042CBBF6-37F3-4087-BFCE-763672644105}.Debug|Any CPU.ActiveCfg = Debug|Any CPU
		{042CBBF6-37F3-4087-BFCE-763672644105}.Debug|Any CPU.Build.0 = Debug|Any CPU
		{042CBBF6-37F3-4087-BFCE-763672644105}.Release|Any CPU.ActiveCfg = Release|Any CPU
		{042CBBF6-37F3-4087-BFCE-763672644105}.Release|Any CPU.Build.0 = Release|Any CPU
		{EF02935A-3AFD-4C70-BA6E-01D28A259E19}.Debug|Any CPU.ActiveCfg = Debug|Any CPU
		{EF02935A-3AFD-4C70-BA6E-01D28A259E19}.Debug|Any CPU.Build.0 = Debug|Any CPU
		{EF02935A-3AFD-4C70-BA6E-01D28A259E19}.Release|Any CPU.ActiveCfg = Release|Any CPU
		{EF02935A-3AFD-4C70-BA6E-01D28A259E19}.Release|Any CPU.Build.0 = Release|Any CPU
		{89CB510A-E7E0-441B-A0A1-DFE2355D7BDB}.Debug|Any CPU.ActiveCfg = Debug|Any CPU
		{89CB510A-E7E0-441B-A0A1-DFE2355D7BDB}.Debug|Any CPU.Build.0 = Debug|Any CPU
		{89CB510A-E7E0-441B-A0A1-DFE2355D7BDB}.Release|Any CPU.ActiveCfg = Release|Any CPU
		{89CB510A-E7E0-441B-A0A1-DFE2355D7BDB}.Release|Any CPU.Build.0 = Release|Any CPU
		{705E9FCF-CB46-4BD0-BB90-E520986D6B84}.Debug|Any CPU.ActiveCfg = Debug|Any CPU
		{705E9FCF-CB46-4BD0-BB90-E520986D6B84}.Debug|Any CPU.Build.0 = Debug|Any CPU
		{705E9FCF-CB46-4BD0-BB90-E520986D6B84}.Release|Any CPU.ActiveCfg = Release|Any CPU
		{705E9FCF-CB46-4BD0-BB90-E520986D6B84}.Release|Any CPU.Build.0 = Release|Any CPU
		{8213D4F5-FC08-4668-B842-3F12CC28B626}.Debug|Any CPU.ActiveCfg = Debug|Any CPU
		{8213D4F5-FC08-4668-B842-3F12CC28B626}.Debug|Any CPU.Build.0 = Debug|Any CPU
		{8213D4F5-FC08-4668-B842-3F12CC28B626}.Release|Any CPU.ActiveCfg = Release|Any CPU
		{8213D4F5-FC08-4668-B842-3F12CC28B626}.Release|Any CPU.Build.0 = Release|Any CPU
	EndGlobalSection
	GlobalSection(NestedProjects) = preSolution
		{042CBBF6-37F3-4087-BFCE-763672644105} = {B736B21F-9A7D-413A-8783-222771648726}
		{EF02935A-3AFD-4C70-BA6E-01D28A259E19} = {B736B21F-9A7D-413A-8783-222771648726}
		{89CB510A-E7E0-441B-A0A1-DFE2355D7BDB} = {D91CD64B-554B-47E3-9734-8D1007F27387}
		{705E9FCF-CB46-4BD0-BB90-E520986D6B84} = {8FF4B059-5A1E-43C5-B568-C9B572AD69C9}
		{8213D4F5-FC08-4668-B842-3F12CC28B626} = {D91CD64B-554B-47E3-9734-8D1007F27387}
	EndGlobalSection
EndGlobal
