
Microsoft Visual Studio Solution File, Format Version 12.00
# Visual Studio Version 17
VisualStudioVersion = 17.0.31903.59
MinimumVisualStudioVersion = 10.0.40219.1
Project("{2150E333-8FDC-42A3-9474-1A3956D46DE8}") = "Presentation", "Presentation", "{B736B21F-9A7D-413A-8783-222771648726}"
EndProject
Project("{FAE04EC0-301F-11D3-BF4B-00C04F79EFBC}") = "NBCEpagBret.Manager", "Presentation\NBCEpagBret.Manager\NBCEpagBret.Manager.csproj", "{042CBBF6-37F3-4087-BFCE-763672644105}"
EndProject
Global
	GlobalSection(SolutionConfigurationPlatforms) = preSolution
		Debug|Any CPU = Debug|Any CPU
		Release|Any CPU = Release|Any CPU
	EndGlobalSection
	GlobalSection(SolutionProperties) = preSolution
		HideSolutionNode = FALSE
	EndGlobalSection
	GlobalSection(ProjectConfigurationPlatforms) = postSolution
		{042CBBF6-37F3-4087-BFCE-763672644105}.Debug|Any CPU.ActiveCfg = Debug|Any CPU
		{042CBBF6-37F3-4087-BFCE-763672644105}.Debug|Any CPU.Build.0 = Debug|Any CPU
		{042CBBF6-37F3-4087-BFCE-763672644105}.Release|Any CPU.ActiveCfg = Release|Any CPU
		{042CBBF6-37F3-4087-BFCE-763672644105}.Release|Any CPU.Build.0 = Release|Any CPU
	EndGlobalSection
	GlobalSection(NestedProjects) = preSolution
		{042CBBF6-37F3-4087-BFCE-763672644105} = {B736B21F-9A7D-413A-8783-222771648726}
	EndGlobalSection
EndGlobal
